
Microsoft Visual Studio Solution File, Format Version 12.00
# Visual Studio Version 17
VisualStudioVersion = 17.4.33213.308
MinimumVisualStudioVersion = 10.0.40219.1
Project("{FAE04EC0-301F-11D3-BF4B-00C04F79EFBC}") = "OrleansURLShortener", "OrleansURLShortener\OrleansURLShortener.csproj", "{81A6624A-58C1-407A-8743-6FD902AFBFA6}"
EndProject
Global
	GlobalSection(SolutionConfigurationPlatforms) = preSolution
		Debug|Any CPU = Debug|Any CPU
		Release|Any CPU = Release|Any CPU
	EndGlobalSection
	GlobalSection(ProjectConfigurationPlatforms) = postSolution
		{81A6624A-58C1-407A-8743-6FD902AFBFA6}.Debug|Any CPU.ActiveCfg = Debug|Any CPU
		{81A6624A-58C1-407A-8743-6FD902AFBFA6}.Debug|Any CPU.Build.0 = Debug|Any CPU
		{81A6624A-58C1-407A-8743-6FD902AFBFA6}.Release|Any CPU.ActiveCfg = Release|Any CPU
		{81A6624A-58C1-407A-8743-6FD902AFBFA6}.Release|Any CPU.Build.0 = Release|Any CPU
	EndGlobalSection
	GlobalSection(SolutionProperties) = preSolution
		HideSolutionNode = FALSE
	EndGlobalSection
	GlobalSection(ExtensibilityGlobals) = postSolution
		SolutionGuid = {9EB8F26C-64D3-43F1-986F-1AFA03371064}
	EndGlobalSection
EndGlobal
